
Microsoft Visual Studio Solution File, Format Version 12.00
# Visual Studio 15
VisualStudioVersion = 15.0.28307.1500
MinimumVisualStudioVersion = 10.0.40219.1
Project("{FAE04EC0-301F-11D3-BF4B-00C04F79EFBC}") = "Uri_1038", "Uri_1038\Uri_1038.csproj", "{532EB4E1-875B-4BD2-8548-58DC241712FE}"
EndProject
Global
	GlobalSection(SolutionConfigurationPlatforms) = preSolution
		Debug|Any CPU = Debug|Any CPU
		Release|Any CPU = Release|Any CPU
	EndGlobalSection
	GlobalSection(ProjectConfigurationPlatforms) = postSolution
		{532EB4E1-875B-4BD2-8548-58DC241712FE}.Debug|Any CPU.ActiveCfg = Debug|Any CPU
		{532EB4E1-875B-4BD2-8548-58DC241712FE}.Debug|Any CPU.Build.0 = Debug|Any CPU
		{532EB4E1-875B-4BD2-8548-58DC241712FE}.Release|Any CPU.ActiveCfg = Release|Any CPU
		{532EB4E1-875B-4BD2-8548-58DC241712FE}.Release|Any CPU.Build.0 = Release|Any CPU
	EndGlobalSection
	GlobalSection(SolutionProperties) = preSolution
		HideSolutionNode = FALSE
	EndGlobalSection
	GlobalSection(ExtensibilityGlobals) = postSolution
		SolutionGuid = {135C02AB-7B7F-4C85-BBE5-1495D6D68F33}
	EndGlobalSection
EndGlobal
